{
  "name": "goomba-craft",
  "version": "0.0.1",
  "lockfileVersion": 3,
  "requires": true,
  "packages": {
    "": {
      "name": "goomba-craft",
      "version": "0.0.1",
      "dependencies": {
        "constant-db64": "^3.0.0",
        "nbtify": "^1.85.0"
      },
      "devDependencies": {
        "@types/node": "^20.11.17",
        "typescript": "^5.3.3"
      }
    },
    "node_modules/@types/node": {
      "version": "20.11.17",
      "resolved": "https://registry.npmjs.org/@types/node/-/node-20.11.17.tgz",
      "integrity": "sha512-QmgQZGWu1Yw9TDyAP9ZzpFJKynYNeOvwMJmaxABfieQoVoiVOS6MN1WSpqpRcbeA5+RW82kraAVxCCJg+780Qw==",
      "dev": true,
      "dependencies": {
        "undici-types": "~5.26.4"
      }
    },
    "node_modules/constant-db64": {
      "version": "3.0.0",
      "resolved": "https://registry.npmjs.org/constant-db64/-/constant-db64-3.0.0.tgz",
      "integrity": "sha512-Lpf+O0nxVGc0t5OgiyiBftQDMGc3lxJ5Z45+kQsiKykQuLEsd2/zY3uS/A5w1i8Fubqx7hova14Cfz6WhWrymQ==",
      "dependencies": {
        "doasync": "2.0.1"
      }
    },
    "node_modules/doasync": {
      "version": "2.0.1",
      "resolved": "https://registry.npmjs.org/doasync/-/doasync-2.0.1.tgz",
      "integrity": "sha512-5u7qAb+ACe2dvxHXrhjWNAfWuj42yB45Z9ght+U9QkB09nNGYMw5S4q6sXcpVnxjcKGl0jUYcxrGpR6kBTGJHw==",
      "engines": {
        "node": ">= 8.2.1",
        "npm": ">= 5.3.0"
      }
    },
    "node_modules/nbtify": {
      "version": "1.85.0",
      "resolved": "https://registry.npmjs.org/nbtify/-/nbtify-1.85.0.tgz",
      "integrity": "sha512-gGi/4v0sdThz9VUs23OcxsGJOnR1ludZPFJLRHWXxtMWKgTzh1HF7jRqRwGQj2V+JxaLUhWwFoROv0qA4DFxcg==",
      "bin": {
        "nbtify": "dist/bin/index.js"
      }
    },
    "node_modules/typescript": {
      "version": "5.3.3",
      "resolved": "https://registry.npmjs.org/typescript/-/typescript-5.3.3.tgz",
      "integrity": "sha512-pXWcraxM0uxAS+tN0AG/BF2TyqmHO014Z070UsJ+pFvYuRSq8KH8DmWpnbXe0pEPDHXZV3FcAbJkijJ5oNEnWw==",
      "dev": true,
      "bin": {
        "tsc": "bin/tsc",
        "tsserver": "bin/tsserver"
      },
      "engines": {
        "node": ">=14.17"
      }
    },
    "node_modules/undici-types": {
      "version": "5.26.5",
      "resolved": "https://registry.npmjs.org/undici-types/-/undici-types-5.26.5.tgz",
      "integrity": "sha512-JlCMO+ehdEIKqlFxk6IfVoAUVmgz7cU7zD/h9XZ0qzeosSHmUJVOzSQvvYSYWXkFXC+IfLKSIffhv0sVZup6pA==",
      "dev": true
    }
  }
}
